// !$*UTF8*$!
{
	archiveVersion = 1;
	classes = {
	};
	objectVersion = 46;
	objects = {

/* Begin PBXBuildFile section */
		4B76B3391E567CD2003BED65 /* MediaMapVC.swift in Sources */ = {isa = PBXBuildFile; fileRef = 4B76B3381E567CD2003BED65 /* MediaMapVC.swift */; };
		4B76B34D1E5685D6003BED65 /* MAMCoreDataAssistant.swift in Sources */ = {isa = PBXBuildFile; fileRef = 4B76B34C1E5685D6003BED65 /* MAMCoreDataAssistant.swift */; };
		4B8FB5AC1E554EFB00400F58 /* AppDelegate.swift in Sources */ = {isa = PBXBuildFile; fileRef = 4B8FB5AB1E554EFB00400F58 /* AppDelegate.swift */; };
		4B8FB5B11E554EFB00400F58 /* MacAlbumMaps.xcdatamodeld in Sources */ = {isa = PBXBuildFile; fileRef = 4B8FB5AF1E554EFB00400F58 /* MacAlbumMaps.xcdatamodeld */; };
		4B8FB5B31E554EFB00400F58 /* Assets.xcassets in Resources */ = {isa = PBXBuildFile; fileRef = 4B8FB5B21E554EFB00400F58 /* Assets.xcassets */; };
		4B8FB5B61E554EFB00400F58 /* Main.storyboard in Resources */ = {isa = PBXBuildFile; fileRef = 4B8FB5B41E554EFB00400F58 /* Main.storyboard */; };
		4B8FB5BE1E554F6500400F58 /* GCMediaLibraryLoader.swift in Sources */ = {isa = PBXBuildFile; fileRef = 4B8FB5BD1E554F6500400F58 /* GCMediaLibraryLoader.swift */; };
/* End PBXBuildFile section */

/* Begin PBXFileReference section */
		4B76B3381E567CD2003BED65 /* MediaMapVC.swift */ = {isa = PBXFileReference; fileEncoding = 4; lastKnownFileType = sourcecode.swift; path = MediaMapVC.swift; sourceTree = "<group>"; };
		4B76B34C1E5685D6003BED65 /* MAMCoreDataAssistant.swift */ = {isa = PBXFileReference; fileEncoding = 4; lastKnownFileType = sourcecode.swift; path = MAMCoreDataAssistant.swift; sourceTree = "<group>"; };
		4B8FB5A81E554EFB00400F58 /* MacAlbumMaps.app */ = {isa = PBXFileReference; explicitFileType = wrapper.application; includeInIndex = 0; path = MacAlbumMaps.app; sourceTree = BUILT_PRODUCTS_DIR; };
		4B8FB5AB1E554EFB00400F58 /* AppDelegate.swift */ = {isa = PBXFileReference; lastKnownFileType = sourcecode.swift; path = AppDelegate.swift; sourceTree = "<group>"; };
		4B8FB5B01E554EFB00400F58 /* MacAlbumMaps.xcdatamodel */ = {isa = PBXFileReference; lastKnownFileType = wrapper.xcdatamodel; path = MacAlbumMaps.xcdatamodel; sourceTree = "<group>"; };
		4B8FB5B21E554EFB00400F58 /* Assets.xcassets */ = {isa = PBXFileReference; lastKnownFileType = folder.assetcatalog; path = Assets.xcassets; sourceTree = "<group>"; };
		4B8FB5B51E554EFB00400F58 /* Base */ = {isa = PBXFileReference; lastKnownFileType = file.storyboard; name = Base; path = Base.lproj/Main.storyboard; sourceTree = "<group>"; };
		4B8FB5B71E554EFB00400F58 /* Info.plist */ = {isa = PBXFileReference; lastKnownFileType = text.plist.xml; path = Info.plist; sourceTree = "<group>"; };
		4B8FB5BD1E554F6500400F58 /* GCMediaLibraryLoader.swift */ = {isa = PBXFileReference; fileEncoding = 4; lastKnownFileType = sourcecode.swift; path = GCMediaLibraryLoader.swift; sourceTree = "<group>"; };
/* End PBXFileReference section */

/* Begin PBXFrameworksBuildPhase section */
		4B8FB5A51E554EFB00400F58 /* Frameworks */ = {
			isa = PBXFrameworksBuildPhase;
			buildActionMask = 2147483647;
			files = (
			);
			runOnlyForDeploymentPostprocessing = 0;
		};
/* End PBXFrameworksBuildPhase section */

/* Begin PBXGroup section */
		4B8FB59F1E554EFB00400F58 = {
			isa = PBXGroup;
			children = (
				4B8FB5AA1E554EFB00400F58 /* MacAlbumMaps */,
				4B8FB5A91E554EFB00400F58 /* Products */,
			);
			sourceTree = "<group>";
		};
		4B8FB5A91E554EFB00400F58 /* Products */ = {
			isa = PBXGroup;
			children = (
				4B8FB5A81E554EFB00400F58 /* MacAlbumMaps.app */,
			);
			name = Products;
			sourceTree = "<group>";
		};
		4B8FB5AA1E554EFB00400F58 /* MacAlbumMaps */ = {
			isa = PBXGroup;
			children = (
				4B8FB5AB1E554EFB00400F58 /* AppDelegate.swift */,
				4B8FB5B21E554EFB00400F58 /* Assets.xcassets */,
				4B8FB5B41E554EFB00400F58 /* Main.storyboard */,
				4B8FB5B71E554EFB00400F58 /* Info.plist */,
				4B8FB5AF1E554EFB00400F58 /* MacAlbumMaps.xcdatamodeld */,
				4B8FB5BD1E554F6500400F58 /* GCMediaLibraryLoader.swift */,
				4B76B3381E567CD2003BED65 /* MediaMapVC.swift */,
				4B76B34C1E5685D6003BED65 /* MAMCoreDataAssistant.swift */,
			);
			path = MacAlbumMaps;
			sourceTree = "<group>";
		};
/* End PBXGroup section */

/* Begin PBXNativeTarget section */
		4B8FB5A71E554EFB00400F58 /* MacAlbumMaps */ = {
			isa = PBXNativeTarget;
			buildConfigurationList = 4B8FB5BA1E554EFB00400F58 /* Build configuration list for PBXNativeTarget "MacAlbumMaps" */;
			buildPhases = (
				4B8FB5A41E554EFB00400F58 /* Sources */,
				4B8FB5A51E554EFB00400F58 /* Frameworks */,
				4B8FB5A61E554EFB00400F58 /* Resources */,
			);
			buildRules = (
			);
			dependencies = (
			);
			name = MacAlbumMaps;
			productName = MacAlbumMaps;
			productReference = 4B8FB5A81E554EFB00400F58 /* MacAlbumMaps.app */;
			productType = "com.apple.product-type.application";
		};
/* End PBXNativeTarget section */

/* Begin PBXProject section */
		4B8FB5A01E554EFB00400F58 /* Project object */ = {
			isa = PBXProject;
			attributes = {
				LastSwiftUpdateCheck = 0820;
				LastUpgradeCheck = 0820;
				ORGANIZATIONNAME = ZhangBaoGuo;
				TargetAttributes = {
					4B8FB5A71E554EFB00400F58 = {
						CreatedOnToolsVersion = 8.2.1;
						DevelopmentTeam = 9R3WHNFTF3;
						ProvisioningStyle = Automatic;
					};
				};
			};
			buildConfigurationList = 4B8FB5A31E554EFB00400F58 /* Build configuration list for PBXProject "MacAlbumMaps" */;
			compatibilityVersion = "Xcode 3.2";
			developmentRegion = English;
			hasScannedForEncodings = 0;
			knownRegions = (
				en,
				Base,
			);
			mainGroup = 4B8FB59F1E554EFB00400F58;
			productRefGroup = 4B8FB5A91E554EFB00400F58 /* Products */;
			projectDirPath = "";
			projectRoot = "";
			targets = (
				4B8FB5A71E554EFB00400F58 /* MacAlbumMaps */,
			);
		};
/* End PBXProject section */

/* Begin PBXResourcesBuildPhase section */
		4B8FB5A61E554EFB00400F58 /* Resources */ = {
			isa = PBXResourcesBuildPhase;
			buildActionMask = 2147483647;
			files = (
				4B8FB5B31E554EFB00400F58 /* Assets.xcassets in Resources */,
				4B8FB5B61E554EFB00400F58 /* Main.storyboard in Resources */,
			);
			runOnlyForDeploymentPostprocessing = 0;
		};
/* End PBXResourcesBuildPhase section */

/* Begin PBXSourcesBuildPhase section */
		4B8FB5A41E554EFB00400F58 /* Sources */ = {
			isa = PBXSourcesBuildPhase;
			buildActionMask = 2147483647;
			files = (
				4B8FB5B11E554EFB00400F58 /* MacAlbumMaps.xcdatamodeld in Sources */,
				4B8FB5AC1E554EFB00400F58 /* AppDelegate.swift in Sources */,
				4B76B3391E567CD2003BED65 /* MediaMapVC.swift in Sources */,
				4B8FB5BE1E554F6500400F58 /* GCMediaLibraryLoader.swift in Sources */,
				4B76B34D1E5685D6003BED65 /* MAMCoreDataAssistant.swift in Sources */,
			);
			runOnlyForDeploymentPostprocessing = 0;
		};
/* End PBXSourcesBuildPhase section */

/* Begin PBXVariantGroup section */
		4B8FB5B41E554EFB00400F58 /* Main.storyboard */ = {
			isa = PBXVariantGroup;
			children = (
				4B8FB5B51E554EFB00400F58 /* Base */,
			);
			name = Main.storyboard;
			sourceTree = "<group>";
		};
/* End PBXVariantGroup section */

/* Begin XCBuildConfiguration section */
		4B8FB5B81E554EFB00400F58 /* Debug */ = {
			isa = XCBuildConfiguration;
			buildSettings = {
				ALWAYS_SEARCH_USER_PATHS = NO;
				CLANG_ANALYZER_NONNULL = YES;
				CLANG_CXX_LANGUAGE_STANDARD = "gnu++0x";
				CLANG_CXX_LIBRARY = "libc++";
				CLANG_ENABLE_MODULES = YES;
				CLANG_ENABLE_OBJC_ARC = YES;
				CLANG_WARN_BOOL_CONVERSION = YES;
				CLANG_WARN_CONSTANT_CONVERSION = YES;
				CLANG_WARN_DIRECT_OBJC_ISA_USAGE = YES_ERROR;
				CLANG_WARN_DOCUMENTATION_COMMENTS = YES;
				CLANG_WARN_EMPTY_BODY = YES;
				CLANG_WARN_ENUM_CONVERSION = YES;
				CLANG_WARN_INFINITE_RECURSION = YES;
				CLANG_WARN_INT_CONVERSION = YES;
				CLANG_WARN_OBJC_ROOT_CLASS = YES_ERROR;
				CLANG_WARN_SUSPICIOUS_MOVE = YES;
				CLANG_WARN_UNREACHABLE_CODE = YES;
				CLANG_WARN__DUPLICATE_METHOD_MATCH = YES;
				CODE_SIGN_IDENTITY = "-";
				COPY_PHASE_STRIP = NO;
				DEBUG_INFORMATION_FORMAT = dwarf;
				ENABLE_STRICT_OBJC_MSGSEND = YES;
				ENABLE_TESTABILITY = YES;
				GCC_C_LANGUAGE_STANDARD = gnu99;
				GCC_DYNAMIC_NO_PIC = NO;
				GCC_NO_COMMON_BLOCKS = YES;
				GCC_OPTIMIZATION_LEVEL = 0;
				GCC_PREPROCESSOR_DEFINITIONS = (
					"DEBUG=1",
					"$(inherited)",
				);
				GCC_WARN_64_TO_32_BIT_CONVERSION = YES;
				GCC_WARN_ABOUT_RETURN_TYPE = YES_ERROR;
				GCC_WARN_UNDECLARED_SELECTOR = YES;
				GCC_WARN_UNINITIALIZED_AUTOS = YES_AGGRESSIVE;
				GCC_WARN_UNUSED_FUNCTION = YES;
				GCC_WARN_UNUSED_VARIABLE = YES;
				MACOSX_DEPLOYMENT_TARGET = 10.12;
				MTL_ENABLE_DEBUG_INFO = YES;
				ONLY_ACTIVE_ARCH = YES;
				SDKROOT = macosx;
				SWIFT_ACTIVE_COMPILATION_CONDITIONS = DEBUG;
				SWIFT_OPTIMIZATION_LEVEL = "-Onone";
			};
			name = Debug;
		};
		4B8FB5B91E554EFB00400F58 /* Release */ = {
			isa = XCBuildConfiguration;
			buildSettings = {
				ALWAYS_SEARCH_USER_PATHS = NO;
				CLANG_ANALYZER_NONNULL = YES;
				CLANG_CXX_LANGUAGE_STANDARD = "gnu++0x";
				CLANG_CXX_LIBRARY = "libc++";
				CLANG_ENABLE_MODULES = YES;
				CLANG_ENABLE_OBJC_ARC = YES;
				CLANG_WARN_BOOL_CONVERSION = YES;
				CLANG_WARN_CONSTANT_CONVERSION = YES;
				CLANG_WARN_DIRECT_OBJC_ISA_USAGE = YES_ERROR;
				CLANG_WARN_DOCUMENTATION_COMMENTS = YES;
				CLANG_WARN_EMPTY_BODY = YES;
				CLANG_WARN_ENUM_CONVERSION = YES;
				CLANG_WARN_INFINITE_RECURSION = YES;
				CLANG_WARN_INT_CONVERSION = YES;
				CLANG_WARN_OBJC_ROOT_CLASS = YES_ERROR;
				CLANG_WARN_SUSPICIOUS_MOVE = YES;
				CLANG_WARN_UNREACHABLE_CODE = YES;
				CLANG_WARN__DUPLICATE_METHOD_MATCH = YES;
				CODE_SIGN_IDENTITY = "-";
				COPY_PHASE_STRIP = NO;
				DEBUG_INFORMATION_FORMAT = "dwarf-with-dsym";
				ENABLE_NS_ASSERTIONS = NO;
				ENABLE_STRICT_OBJC_MSGSEND = YES;
				GCC_C_LANGUAGE_STANDARD = gnu99;
				GCC_NO_COMMON_BLOCKS = YES;
				GCC_WARN_64_TO_32_BIT_CONVERSION = YES;
				GCC_WARN_ABOUT_RETURN_TYPE = YES_ERROR;
				GCC_WARN_UNDECLARED_SELECTOR = YES;
				GCC_WARN_UNINITIALIZED_AUTOS = YES_AGGRESSIVE;
				GCC_WARN_UNUSED_FUNCTION = YES;
				GCC_WARN_UNUSED_VARIABLE = YES;
				MACOSX_DEPLOYMENT_TARGET = 10.12;
				MTL_ENABLE_DEBUG_INFO = NO;
				SDKROOT = macosx;
				SWIFT_OPTIMIZATION_LEVEL = "-Owholemodule";
			};
			name = Release;
		};
		4B8FB5BB1E554EFB00400F58 /* Debug */ = {
			isa = XCBuildConfiguration;
			buildSettings = {
				ASSETCATALOG_COMPILER_APPICON_NAME = AppIcon;
				COMBINE_HIDPI_IMAGES = YES;
				DEVELOPMENT_TEAM = 9R3WHNFTF3;
				INFOPLIST_FILE = MacAlbumMaps/Info.plist;
				LD_RUNPATH_SEARCH_PATHS = "$(inherited) @executable_path/../Frameworks";
				PRODUCT_BUNDLE_IDENTIFIER = com.ZhangBaoGuo.MacAlbumMaps;
				PRODUCT_NAME = "$(TARGET_NAME)";
				SWIFT_VERSION = 3.0;
			};
			name = Debug;
		};
		4B8FB5BC1E554EFB00400F58 /* Release */ = {
			isa = XCBuildConfiguration;
			buildSettings = {
				ASSETCATALOG_COMPILER_APPICON_NAME = AppIcon;
				COMBINE_HIDPI_IMAGES = YES;
				DEVELOPMENT_TEAM = 9R3WHNFTF3;
				INFOPLIST_FILE = MacAlbumMaps/Info.plist;
				LD_RUNPATH_SEARCH_PATHS = "$(inherited) @executable_path/../Frameworks";
				PRODUCT_BUNDLE_IDENTIFIER = com.ZhangBaoGuo.MacAlbumMaps;
				PRODUCT_NAME = "$(TARGET_NAME)";
				SWIFT_VERSION = 3.0;
			};
			name = Release;
		};
/* End XCBuildConfiguration section */

/* Begin XCConfigurationList section */
		4B8FB5A31E554EFB00400F58 /* Build configuration list for PBXProject "MacAlbumMaps" */ = {
			isa = XCConfigurationList;
			buildConfigurations = (
				4B8FB5B81E554EFB00400F58 /* Debug */,
				4B8FB5B91E554EFB00400F58 /* Release */,
			);
			defaultConfigurationIsVisible = 0;
			defaultConfigurationName = Release;
		};
		4B8FB5BA1E554EFB00400F58 /* Build configuration list for PBXNativeTarget "MacAlbumMaps" */ = {
			isa = XCConfigurationList;
			buildConfigurations = (
				4B8FB5BB1E554EFB00400F58 /* Debug */,
				4B8FB5BC1E554EFB00400F58 /* Release */,
			);
			defaultConfigurationIsVisible = 0;
			defaultConfigurationName = Release;
		};
/* End XCConfigurationList section */

/* Begin XCVersionGroup section */
		4B8FB5AF1E554EFB00400F58 /* MacAlbumMaps.xcdatamodeld */ = {
			isa = XCVersionGroup;
			children = (
				4B8FB5B01E554EFB00400F58 /* MacAlbumMaps.xcdatamodel */,
			);
			currentVersion = 4B8FB5B01E554EFB00400F58 /* MacAlbumMaps.xcdatamodel */;
			path = MacAlbumMaps.xcdatamodeld;
			sourceTree = "<group>";
			versionGroupType = wrapper.xcdatamodel;
		};
/* End XCVersionGroup section */
	};
	rootObject = 4B8FB5A01E554EFB00400F58 /* Project object */;
}
